
Microsoft Visual Studio Solution File, Format Version 12.00
# Visual Studio Version 17
VisualStudioVersion = 17.6.33815.320
MinimumVisualStudioVersion = 10.0.40219.1
Project("{FAE04EC0-301F-11D3-BF4B-00C04F79EFBC}") = "Api meteo2", "Api meteo2\Api meteo2.csproj", "{C00B0861-E0E8-4EB9-9947-57BC855DC43C}"
EndProject
Global
	GlobalSection(SolutionConfigurationPlatforms) = preSolution
		Debug|Any CPU = Debug|Any CPU
		Release|Any CPU = Release|Any CPU
	EndGlobalSection
	GlobalSection(ProjectConfigurationPlatforms) = postSolution
		{C00B0861-E0E8-4EB9-9947-57BC855DC43C}.Debug|Any CPU.ActiveCfg = Debug|Any CPU
		{C00B0861-E0E8-4EB9-9947-57BC855DC43C}.Debug|Any CPU.Build.0 = Debug|Any CPU
		{C00B0861-E0E8-4EB9-9947-57BC855DC43C}.Release|Any CPU.ActiveCfg = Release|Any CPU
		{C00B0861-E0E8-4EB9-9947-57BC855DC43C}.Release|Any CPU.Build.0 = Release|Any CPU
	EndGlobalSection
	GlobalSection(SolutionProperties) = preSolution
		HideSolutionNode = FALSE
	EndGlobalSection
	GlobalSection(ExtensibilityGlobals) = postSolution
		SolutionGuid = {347B22BE-D8E0-4F69-87C4-6221A0C6EBDA}
	EndGlobalSection
EndGlobal
